
Microsoft Visual Studio Solution File, Format Version 12.00
# Visual Studio Version 17
VisualStudioVersion = 17.7.34202.233
MinimumVisualStudioVersion = 10.0.40219.1
Project("{9A19103F-16F7-4668-BE54-9A1E7A4F7556}") = "EightPuzzle", "EightPuzzle\EightPuzzle.csproj", "{00BA4B57-30D5-40C3-B7CB-DFBED3FD18F3}"
EndProject
Global
	GlobalSection(SolutionConfigurationPlatforms) = preSolution
		Debug|Any CPU = Debug|Any CPU
		Release|Any CPU = Release|Any CPU
	EndGlobalSection
	GlobalSection(ProjectConfigurationPlatforms) = postSolution
		{00BA4B57-30D5-40C3-B7CB-DFBED3FD18F3}.Debug|Any CPU.ActiveCfg = Debug|Any CPU
		{00BA4B57-30D5-40C3-B7CB-DFBED3FD18F3}.Debug|Any CPU.Build.0 = Debug|Any CPU
		{00BA4B57-30D5-40C3-B7CB-DFBED3FD18F3}.Release|Any CPU.ActiveCfg = Release|Any CPU
		{00BA4B57-30D5-40C3-B7CB-DFBED3FD18F3}.Release|Any CPU.Build.0 = Release|Any CPU
	EndGlobalSection
	GlobalSection(SolutionProperties) = preSolution
		HideSolutionNode = FALSE
	EndGlobalSection
	GlobalSection(ExtensibilityGlobals) = postSolution
		SolutionGuid = {BBE9D93E-2BFB-419F-BDD5-9150332B81A0}
	EndGlobalSection
EndGlobal
